// !$*UTF8*$!
{
	archiveVersion = 1;
	classes = {
	};
	objectVersion = 46;
	objects = {

/* Begin PBXBuildFile section */
		5A37FEC51F19784E00CF9054 /* AppDelegate.swift in Sources */ = {isa = PBXBuildFile; fileRef = 5A37FEC41F19784E00CF9054 /* AppDelegate.swift */; };
		5A37FEC71F19784E00CF9054 /* ViewController.swift in Sources */ = {isa = PBXBuildFile; fileRef = 5A37FEC61F19784E00CF9054 /* ViewController.swift */; };
		5A37FECA1F19784E00CF9054 /* Main.storyboard in Resources */ = {isa = PBXBuildFile; fileRef = 5A37FEC81F19784E00CF9054 /* Main.storyboard */; };
		5A37FECD1F19784E00CF9054 /* selfCare.xcdatamodeld in Sources */ = {isa = PBXBuildFile; fileRef = 5A37FECB1F19784E00CF9054 /* selfCare.xcdatamodeld */; };
		5A37FECF1F19784E00CF9054 /* Assets.xcassets in Resources */ = {isa = PBXBuildFile; fileRef = 5A37FECE1F19784E00CF9054 /* Assets.xcassets */; };
		5A37FED21F19784E00CF9054 /* LaunchScreen.storyboard in Resources */ = {isa = PBXBuildFile; fileRef = 5A37FED01F19784E00CF9054 /* LaunchScreen.storyboard */; };
		5ACF19861F1ED6BF00912B38 /* DailyStartSurveyViewController.swift in Sources */ = {isa = PBXBuildFile; fileRef = 5ACF19851F1ED6BF00912B38 /* DailyStartSurveyViewController.swift */; };
		5ACF19881F1ED70A00912B38 /* InitialView.swift in Sources */ = {isa = PBXBuildFile; fileRef = 5ACF19871F1ED70A00912B38 /* InitialView.swift */; };
/* End PBXBuildFile section */

/* Begin PBXFileReference section */
		5A37FEC11F19784E00CF9054 /* selfCare.app */ = {isa = PBXFileReference; explicitFileType = wrapper.application; includeInIndex = 0; path = selfCare.app; sourceTree = BUILT_PRODUCTS_DIR; };
		5A37FEC41F19784E00CF9054 /* AppDelegate.swift */ = {isa = PBXFileReference; lastKnownFileType = sourcecode.swift; path = AppDelegate.swift; sourceTree = "<group>"; };
		5A37FEC61F19784E00CF9054 /* ViewController.swift */ = {isa = PBXFileReference; lastKnownFileType = sourcecode.swift; path = ViewController.swift; sourceTree = "<group>"; };
		5A37FEC91F19784E00CF9054 /* Base */ = {isa = PBXFileReference; lastKnownFileType = file.storyboard; name = Base; path = Base.lproj/Main.storyboard; sourceTree = "<group>"; };
		5A37FECC1F19784E00CF9054 /* selfCare.xcdatamodel */ = {isa = PBXFileReference; lastKnownFileType = wrapper.xcdatamodel; path = selfCare.xcdatamodel; sourceTree = "<group>"; };
		5A37FECE1F19784E00CF9054 /* Assets.xcassets */ = {isa = PBXFileReference; lastKnownFileType = folder.assetcatalog; path = Assets.xcassets; sourceTree = "<group>"; };
		5A37FED11F19784E00CF9054 /* Base */ = {isa = PBXFileReference; lastKnownFileType = file.storyboard; name = Base; path = Base.lproj/LaunchScreen.storyboard; sourceTree = "<group>"; };
		5A37FED31F19784E00CF9054 /* Info.plist */ = {isa = PBXFileReference; lastKnownFileType = text.plist.xml; path = Info.plist; sourceTree = "<group>"; };
		5ACF19851F1ED6BF00912B38 /* DailyStartSurveyViewController.swift */ = {isa = PBXFileReference; fileEncoding = 4; lastKnownFileType = sourcecode.swift; path = DailyStartSurveyViewController.swift; sourceTree = "<group>"; };
		5ACF19871F1ED70A00912B38 /* InitialView.swift */ = {isa = PBXFileReference; fileEncoding = 4; lastKnownFileType = sourcecode.swift; path = InitialView.swift; sourceTree = "<group>"; };
/* End PBXFileReference section */

/* Begin PBXFrameworksBuildPhase section */
		5A37FEBE1F19784E00CF9054 /* Frameworks */ = {
			isa = PBXFrameworksBuildPhase;
			buildActionMask = 2147483647;
			files = (
			);
			runOnlyForDeploymentPostprocessing = 0;
		};
/* End PBXFrameworksBuildPhase section */

/* Begin PBXGroup section */
		5A37FEB81F19784E00CF9054 = {
			isa = PBXGroup;
			children = (
				5A37FEC31F19784E00CF9054 /* selfCare */,
				5A37FEC21F19784E00CF9054 /* Products */,
			);
			sourceTree = "<group>";
		};
		5A37FEC21F19784E00CF9054 /* Products */ = {
			isa = PBXGroup;
			children = (
				5A37FEC11F19784E00CF9054 /* selfCare.app */,
			);
			name = Products;
			sourceTree = "<group>";
		};
		5A37FEC31F19784E00CF9054 /* selfCare */ = {
			isa = PBXGroup;
			children = (
				5A37FEC41F19784E00CF9054 /* AppDelegate.swift */,
				5ACF19831F1D865900912B38 /* View Controllers */,
				5ACF19841F1D866E00912B38 /* Storyboards */,
				5A37FECE1F19784E00CF9054 /* Assets.xcassets */,
				5A37FED31F19784E00CF9054 /* Info.plist */,
				5A37FECB1F19784E00CF9054 /* selfCare.xcdatamodeld */,
			);
			path = selfCare;
			sourceTree = "<group>";
		};
		5ACF19831F1D865900912B38 /* View Controllers */ = {
			isa = PBXGroup;
			children = (
				5A37FEC61F19784E00CF9054 /* ViewController.swift */,
				5ACF19871F1ED70A00912B38 /* InitialView.swift */,
				5ACF19851F1ED6BF00912B38 /* DailyStartSurveyViewController.swift */,
			);
			name = "View Controllers";
			sourceTree = "<group>";
		};
		5ACF19841F1D866E00912B38 /* Storyboards */ = {
			isa = PBXGroup;
			children = (
				5A37FEC81F19784E00CF9054 /* Main.storyboard */,
				5A37FED01F19784E00CF9054 /* LaunchScreen.storyboard */,
			);
			name = Storyboards;
			sourceTree = "<group>";
		};
/* End PBXGroup section */

/* Begin PBXNativeTarget section */
		5A37FEC01F19784E00CF9054 /* selfCare */ = {
			isa = PBXNativeTarget;
			buildConfigurationList = 5A37FED61F19784E00CF9054 /* Build configuration list for PBXNativeTarget "selfCare" */;
			buildPhases = (
				5A37FEBD1F19784E00CF9054 /* Sources */,
				5A37FEBE1F19784E00CF9054 /* Frameworks */,
				5A37FEBF1F19784E00CF9054 /* Resources */,
			);
			buildRules = (
			);
			dependencies = (
			);
			name = selfCare;
			productName = selfCare;
			productReference = 5A37FEC11F19784E00CF9054 /* selfCare.app */;
			productType = "com.apple.product-type.application";
		};
/* End PBXNativeTarget section */

/* Begin PBXProject section */
		5A37FEB91F19784E00CF9054 /* Project object */ = {
			isa = PBXProject;
			attributes = {
				LastSwiftUpdateCheck = 0830;
				LastUpgradeCheck = 0830;
				ORGANIZATIONNAME = "Jie-Yun Cheng";
				TargetAttributes = {
					5A37FEC01F19784E00CF9054 = {
						CreatedOnToolsVersion = 8.3.3;
						DevelopmentTeam = 2MN28D6X8A;
						ProvisioningStyle = Automatic;
					};
				};
			};
			buildConfigurationList = 5A37FEBC1F19784E00CF9054 /* Build configuration list for PBXProject "selfCare" */;
			compatibilityVersion = "Xcode 3.2";
			developmentRegion = English;
			hasScannedForEncodings = 0;
			knownRegions = (
				en,
				Base,
			);
			mainGroup = 5A37FEB81F19784E00CF9054;
			productRefGroup = 5A37FEC21F19784E00CF9054 /* Products */;
			projectDirPath = "";
			projectRoot = "";
			targets = (
				5A37FEC01F19784E00CF9054 /* selfCare */,
			);
		};
/* End PBXProject section */

/* Begin PBXResourcesBuildPhase section */
		5A37FEBF1F19784E00CF9054 /* Resources */ = {
			isa = PBXResourcesBuildPhase;
			buildActionMask = 2147483647;
			files = (
				5A37FED21F19784E00CF9054 /* LaunchScreen.storyboard in Resources */,
				5A37FECF1F19784E00CF9054 /* Assets.xcassets in Resources */,
				5A37FECA1F19784E00CF9054 /* Main.storyboard in Resources */,
			);
			runOnlyForDeploymentPostprocessing = 0;
		};
/* End PBXResourcesBuildPhase section */

/* Begin PBXSourcesBuildPhase section */
		5A37FEBD1F19784E00CF9054 /* Sources */ = {
			isa = PBXSourcesBuildPhase;
			buildActionMask = 2147483647;
			files = (
				5A37FEC71F19784E00CF9054 /* ViewController.swift in Sources */,
				5ACF19861F1ED6BF00912B38 /* DailyStartSurveyViewController.swift in Sources */,
				5A37FECD1F19784E00CF9054 /* selfCare.xcdatamodeld in Sources */,
				5ACF19881F1ED70A00912B38 /* InitialView.swift in Sources */,
				5A37FEC51F19784E00CF9054 /* AppDelegate.swift in Sources */,
			);
			runOnlyForDeploymentPostprocessing = 0;
		};
/* End PBXSourcesBuildPhase section */

/* Begin PBXVariantGroup section */
		5A37FEC81F19784E00CF9054 /* Main.storyboard */ = {
			isa = PBXVariantGroup;
			children = (
				5A37FEC91F19784E00CF9054 /* Base */,
			);
			name = Main.storyboard;
			sourceTree = "<group>";
		};
		5A37FED01F19784E00CF9054 /* LaunchScreen.storyboard */ = {
			isa = PBXVariantGroup;
			children = (
				5A37FED11F19784E00CF9054 /* Base */,
			);
			name = LaunchScreen.storyboard;
			sourceTree = "<group>";
		};
/* End PBXVariantGroup section */

/* Begin XCBuildConfiguration section */
		5A37FED41F19784E00CF9054 /* Debug */ = {
			isa = XCBuildConfiguration;
			buildSettings = {
				ALWAYS_SEARCH_USER_PATHS = NO;
				CLANG_ANALYZER_NONNULL = YES;
				CLANG_ANALYZER_NUMBER_OBJECT_CONVERSION = YES_AGGRESSIVE;
				CLANG_CXX_LANGUAGE_STANDARD = "gnu++0x";
				CLANG_CXX_LIBRARY = "libc++";
				CLANG_ENABLE_MODULES = YES;
				CLANG_ENABLE_OBJC_ARC = YES;
				CLANG_WARN_BOOL_CONVERSION = YES;
				CLANG_WARN_CONSTANT_CONVERSION = YES;
				CLANG_WARN_DIRECT_OBJC_ISA_USAGE = YES_ERROR;
				CLANG_WARN_DOCUMENTATION_COMMENTS = YES;
				CLANG_WARN_EMPTY_BODY = YES;
				CLANG_WARN_ENUM_CONVERSION = YES;
				CLANG_WARN_INFINITE_RECURSION = YES;
				CLANG_WARN_INT_CONVERSION = YES;
				CLANG_WARN_OBJC_ROOT_CLASS = YES_ERROR;
				CLANG_WARN_SUSPICIOUS_MOVE = YES;
				CLANG_WARN_UNREACHABLE_CODE = YES;
				CLANG_WARN__DUPLICATE_METHOD_MATCH = YES;
				"CODE_SIGN_IDENTITY[sdk=iphoneos*]" = "iPhone Developer";
				COPY_PHASE_STRIP = NO;
				DEBUG_INFORMATION_FORMAT = dwarf;
				ENABLE_STRICT_OBJC_MSGSEND = YES;
				ENABLE_TESTABILITY = YES;
				GCC_C_LANGUAGE_STANDARD = gnu99;
				GCC_DYNAMIC_NO_PIC = NO;
				GCC_NO_COMMON_BLOCKS = YES;
				GCC_OPTIMIZATION_LEVEL = 0;
				GCC_PREPROCESSOR_DEFINITIONS = (
					"DEBUG=1",
					"$(inherited)",
				);
				GCC_WARN_64_TO_32_BIT_CONVERSION = YES;
				GCC_WARN_ABOUT_RETURN_TYPE = YES_ERROR;
				GCC_WARN_UNDECLARED_SELECTOR = YES;
				GCC_WARN_UNINITIALIZED_AUTOS = YES_AGGRESSIVE;
				GCC_WARN_UNUSED_FUNCTION = YES;
				GCC_WARN_UNUSED_VARIABLE = YES;
				IPHONEOS_DEPLOYMENT_TARGET = 10.3;
				MTL_ENABLE_DEBUG_INFO = YES;
				ONLY_ACTIVE_ARCH = YES;
				SDKROOT = iphoneos;
				SWIFT_ACTIVE_COMPILATION_CONDITIONS = DEBUG;
				SWIFT_OPTIMIZATION_LEVEL = "-Onone";
				TARGETED_DEVICE_FAMILY = "1,2";
			};
			name = Debug;
		};
		5A37FED51F19784E00CF9054 /* Release */ = {
			isa = XCBuildConfiguration;
			buildSettings = {
				ALWAYS_SEARCH_USER_PATHS = NO;
				CLANG_ANALYZER_NONNULL = YES;
				CLANG_ANALYZER_NUMBER_OBJECT_CONVERSION = YES_AGGRESSIVE;
				CLANG_CXX_LANGUAGE_STANDARD = "gnu++0x";
				CLANG_CXX_LIBRARY = "libc++";
				CLANG_ENABLE_MODULES = YES;
				CLANG_ENABLE_OBJC_ARC = YES;
				CLANG_WARN_BOOL_CONVERSION = YES;
				CLANG_WARN_CONSTANT_CONVERSION = YES;
				CLANG_WARN_DIRECT_OBJC_ISA_USAGE = YES_ERROR;
				CLANG_WARN_DOCUMENTATION_COMMENTS = YES;
				CLANG_WARN_EMPTY_BODY = YES;
				CLANG_WARN_ENUM_CONVERSION = YES;
				CLANG_WARN_INFINITE_RECURSION = YES;
				CLANG_WARN_INT_CONVERSION = YES;
				CLANG_WARN_OBJC_ROOT_CLASS = YES_ERROR;
				CLANG_WARN_SUSPICIOUS_MOVE = YES;
				CLANG_WARN_UNREACHABLE_CODE = YES;
				CLANG_WARN__DUPLICATE_METHOD_MATCH = YES;
				"CODE_SIGN_IDENTITY[sdk=iphoneos*]" = "iPhone Developer";
				COPY_PHASE_STRIP = NO;
				DEBUG_INFORMATION_FORMAT = "dwarf-with-dsym";
				ENABLE_NS_ASSERTIONS = NO;
				ENABLE_STRICT_OBJC_MSGSEND = YES;
				GCC_C_LANGUAGE_STANDARD = gnu99;
				GCC_NO_COMMON_BLOCKS = YES;
				GCC_WARN_64_TO_32_BIT_CONVERSION = YES;
				GCC_WARN_ABOUT_RETURN_TYPE = YES_ERROR;
				GCC_WARN_UNDECLARED_SELECTOR = YES;
				GCC_WARN_UNINITIALIZED_AUTOS = YES_AGGRESSIVE;
				GCC_WARN_UNUSED_FUNCTION = YES;
				GCC_WARN_UNUSED_VARIABLE = YES;
				IPHONEOS_DEPLOYMENT_TARGET = 10.3;
				MTL_ENABLE_DEBUG_INFO = NO;
				SDKROOT = iphoneos;
				SWIFT_OPTIMIZATION_LEVEL = "-Owholemodule";
				TARGETED_DEVICE_FAMILY = "1,2";
				VALIDATE_PRODUCT = YES;
			};
			name = Release;
		};
		5A37FED71F19784E00CF9054 /* Debug */ = {
			isa = XCBuildConfiguration;
			buildSettings = {
				ASSETCATALOG_COMPILER_APPICON_NAME = AppIcon;
				DEVELOPMENT_TEAM = 2MN28D6X8A;
				INFOPLIST_FILE = selfCare/Info.plist;
				LD_RUNPATH_SEARCH_PATHS = "$(inherited) @executable_path/Frameworks";
				PRODUCT_BUNDLE_IDENTIFIER = makeschool.selfCare;
				PRODUCT_NAME = "$(TARGET_NAME)";
				SWIFT_VERSION = 3.0;
			};
			name = Debug;
		};
		5A37FED81F19784E00CF9054 /* Release */ = {
			isa = XCBuildConfiguration;
			buildSettings = {
				ASSETCATALOG_COMPILER_APPICON_NAME = AppIcon;
				DEVELOPMENT_TEAM = 2MN28D6X8A;
				INFOPLIST_FILE = selfCare/Info.plist;
				LD_RUNPATH_SEARCH_PATHS = "$(inherited) @executable_path/Frameworks";
				PRODUCT_BUNDLE_IDENTIFIER = makeschool.selfCare;
				PRODUCT_NAME = "$(TARGET_NAME)";
				SWIFT_VERSION = 3.0;
			};
			name = Release;
		};
/* End XCBuildConfiguration section */

/* Begin XCConfigurationList section */
		5A37FEBC1F19784E00CF9054 /* Build configuration list for PBXProject "selfCare" */ = {
			isa = XCConfigurationList;
			buildConfigurations = (
				5A37FED41F19784E00CF9054 /* Debug */,
				5A37FED51F19784E00CF9054 /* Release */,
			);
			defaultConfigurationIsVisible = 0;
			defaultConfigurationName = Release;
		};
		5A37FED61F19784E00CF9054 /* Build configuration list for PBXNativeTarget "selfCare" */ = {
			isa = XCConfigurationList;
			buildConfigurations = (
				5A37FED71F19784E00CF9054 /* Debug */,
				5A37FED81F19784E00CF9054 /* Release */,
			);
			defaultConfigurationIsVisible = 0;
			defaultConfigurationName = Release;
		};
/* End XCConfigurationList section */

/* Begin XCVersionGroup section */
		5A37FECB1F19784E00CF9054 /* selfCare.xcdatamodeld */ = {
			isa = XCVersionGroup;
			children = (
				5A37FECC1F19784E00CF9054 /* selfCare.xcdatamodel */,
			);
			currentVersion = 5A37FECC1F19784E00CF9054 /* selfCare.xcdatamodel */;
			path = selfCare.xcdatamodeld;
			sourceTree = "<group>";
			versionGroupType = wrapper.xcdatamodel;
		};
/* End XCVersionGroup section */
	};
	rootObject = 5A37FEB91F19784E00CF9054 /* Project object */;
}
